<?xml version="1.0" encoding="utf-8"?>
<Project ToolsVersion="4.0" xmlns="http://schemas.microsoft.com/developer/msbuild/2003">
  <ItemGroup>
    <Filter Include="Source Files">
      <UniqueIdentifier>{4FC737F1-C7A5-4376-A066-2A32D752A2FF}</UniqueIdentifier>
      <Extensions>cpp;c;cc;cxx;def;odl;idl;hpj;bat;asm;asmx</Extensions>
    </Filter>
    <Filter Include="Header Files">
      <UniqueIdentifier>{93995380-89BD-4b04-88EB-625FBE52EBFB}</UniqueIdentifier>
      <Extensions>h;hh;hpp;hxx;hm;inl;inc;ipp;xsd</Extensions>
    </Filter>
    <Filter Include="Resource Files">
      <UniqueIdentifier>{67DA6AB6-F800-4c08-8B7A-83BB121AAD01}</UniqueIdentifier>
      <Extensions>rc;ico;cur;bmp;dlg;rc2;rct;bin;rgs;gif;jpg;jpeg;jpe;resx;tiff;tif;png;wav;mfcribbon-ms</Extensions>
    </Filter>
    <Filter Include="Source Files\unit_test">
      <UniqueIdentifier>{19b28738-8f18-497d-aefc-675b94b7f868}</UniqueIdentifier>
    </Filter>
  </ItemGroup>
  <ItemGroup>
    <ClCompile Include="main.cpp">
      <Filter>Source Files</Filter>
    </ClCompile>
    <ClCompile Include="drawScreen.cpp">
      <Filter>Source Files</Filter>
    </ClCompile>
    <ClCompile Include="getKeyInput.cpp">
      <Filter>Source Files</Filter>
    </ClCompile>
    <ClCompile Include="runMainLoop.cpp">
      <Filter>Source Files</Filter>
    </ClCompile>
    <ClCompile Include="frameRateController.cpp">
      <Filter>Source Files</Filter>
    </ClCompile>
    <ClCompile Include="fileManager.cpp">
      <Filter>Source Files</Filter>
    </ClCompile>
    <ClCompile Include="windowHandler.cpp">
      <Filter>Source Files</Filter>
    </ClCompile>
    <ClCompile Include="logger.cpp">
      <Filter>Source Files</Filter>
    </ClCompile>
    <ClCompile Include="processArgs.cpp">
      <Filter>Source Files</Filter>
    </ClCompile>
    <ClCompile Include="bufferOps.cpp">
      <Filter>Source Files</Filter>
    </ClCompile>
    <ClCompile Include="test.cpp">
      <Filter>Source Files</Filter>
    </ClCompile>
    <ClCompile Include="carray.cpp">
      <Filter>Source Files</Filter>
    </ClCompile>
    <ClCompile Include="profileManager.cpp">
      <Filter>Source Files</Filter>
    </ClCompile>
    <ClCompile Include="runTest.cpp">
      <Filter>Source Files</Filter>
    </ClCompile>
    <ClCompile Include="math.cpp">
      <Filter>Source Files</Filter>
    </ClCompile>
    <ClCompile Include="render.cpp">
      <Filter>Source Files</Filter>
    </ClCompile>
    <ClCompile Include="stopwatch.cpp">
      <Filter>Source Files</Filter>
    </ClCompile>
    <ClCompile Include="array_unitTest.cpp">
      <Filter>Source Files\unit_test</Filter>
    </ClCompile>
    <ClCompile Include="circularBuffer_unitTest.cpp">
      <Filter>Source Files\unit_test</Filter>
    </ClCompile>
    <ClCompile Include="profileManager_unitTest.cpp">
      <Filter>Source Files\unit_test</Filter>
    </ClCompile>
    <ClCompile Include="unit_test_math.cpp">
      <Filter>Source Files\unit_test</Filter>
    </ClCompile>
    <ClCompile Include="stack_unitTest.cpp">
      <Filter>Source Files\unit_test</Filter>
    </ClCompile>
    <ClCompile Include="engine.cpp">
      <Filter>Source Files</Filter>
    </ClCompile>
  </ItemGroup>
  <ItemGroup>
    <ClInclude Include="engine.h">
      <Filter>Header Files</Filter>
    </ClInclude>
    <ClInclude Include="drawScreen.h">
      <Filter>Header Files</Filter>
    </ClInclude>
    <ClInclude Include="getKeyInput.h">
      <Filter>Header Files</Filter>
    </ClInclude>
    <ClInclude Include="runMainLoop.h">
      <Filter>Header Files</Filter>
    </ClInclude>
    <ClInclude Include="frameRateController.h">
      <Filter>Header Files</Filter>
    </ClInclude>
    <ClInclude Include="fileManager.h">
      <Filter>Header Files</Filter>
    </ClInclude>
    <ClInclude Include="windowHandler.h">
      <Filter>Header Files</Filter>
    </ClInclude>
    <ClInclude Include="logger.h">
      <Filter>Header Files</Filter>
    </ClInclude>
    <ClInclude Include="processArgs.h">
      <Filter>Header Files</Filter>
    </ClInclude>
    <ClInclude Include="test.h">
      <Filter>Header Files</Filter>
    </ClInclude>
    <ClInclude Include="stack.h">
      <Filter>Header Files</Filter>
    </ClInclude>
    <ClInclude Include="bufferOps.h">
      <Filter>Header Files</Filter>
    </ClInclude>
    <ClInclude Include="carray.h">
      <Filter>Header Files</Filter>
    </ClInclude>
    <ClInclude Include="array_unitTest.h">
      <Filter>Header Files</Filter>
    </ClInclude>
    <ClInclude Include="stack_unitTest.h">
      <Filter>Header Files</Filter>
    </ClInclude>
    <ClInclude Include="circularBuffer_unitTest.h">
      <Filter>Header Files</Filter>
    </ClInclude>
    <ClInclude Include="profileManager_unitTest.h">
      <Filter>Header Files</Filter>
    </ClInclude>
    <ClInclude Include="runTest.h">
      <Filter>Header Files</Filter>
    </ClInclude>
    <ClInclude Include="profileManager.h">
      <Filter>Header Files</Filter>
    </ClInclude>
    <ClInclude Include="array.h">
      <Filter>Header Files</Filter>
    </ClInclude>
    <ClInclude Include="circularBuffer.h">
      <Filter>Header Files</Filter>
    </ClInclude>
    <ClInclude Include="unit_test_math.h">
      <Filter>Header Files</Filter>
    </ClInclude>
    <ClInclude Include="math.h">
      <Filter>Header Files</Filter>
    </ClInclude>
    <ClInclude Include="pch.h">
      <Filter>Resource Files</Filter>
    </ClInclude>
    <ClInclude Include="stopwatch.h">
      <Filter>Header Files</Filter>
    </ClInclude>
    <ClInclude Include="render.h">
      <Filter>Header Files</Filter>
    </ClInclude>
  </ItemGroup>
  <ItemGroup>
    <Text Include="config.txt">
      <Filter>Resource Files</Filter>
    </Text>
    <Text Include="debug.txt">
      <Filter>Resource Files</Filter>
    </Text>
  </ItemGroup>
  <ItemGroup>
    <None Include="res\shader.frag">
      <Filter>Resource Files</Filter>
    </None>
    <None Include="res\shader.vert">
      <Filter>Resource Files</Filter>
    </None>
  </ItemGroup>
</Project>